
Microsoft Visual Studio Solution File, Format Version 12.00
# Visual Studio Version 17
VisualStudioVersion = 17.3.32929.385
MinimumVisualStudioVersion = 10.0.40219.1
Project("{FAE04EC0-301F-11D3-BF4B-00C04F79EFBC}") = "OopsDay11", "OopsDay11.csproj", "{3D1DA896-15F2-4A69-AF56-CD981EEC04F7}"
EndProject
Global
	GlobalSection(SolutionConfigurationPlatforms) = preSolution
		Debug|Any CPU = Debug|Any CPU
		Release|Any CPU = Release|Any CPU
	EndGlobalSection
	GlobalSection(ProjectConfigurationPlatforms) = postSolution
		{3D1DA896-15F2-4A69-AF56-CD981EEC04F7}.Debug|Any CPU.ActiveCfg = Debug|Any CPU
		{3D1DA896-15F2-4A69-AF56-CD981EEC04F7}.Debug|Any CPU.Build.0 = Debug|Any CPU
		{3D1DA896-15F2-4A69-AF56-CD981EEC04F7}.Release|Any CPU.ActiveCfg = Release|Any CPU
		{3D1DA896-15F2-4A69-AF56-CD981EEC04F7}.Release|Any CPU.Build.0 = Release|Any CPU
	EndGlobalSection
	GlobalSection(SolutionProperties) = preSolution
		HideSolutionNode = FALSE
	EndGlobalSection
	GlobalSection(ExtensibilityGlobals) = postSolution
		SolutionGuid = {633630A0-97C9-408A-8E8F-3D65ACACFC0C}
	EndGlobalSection
EndGlobal
